
Microsoft Visual Studio Solution File, Format Version 12.00
# Visual Studio Version 17
VisualStudioVersion = 17.3.32519.111
MinimumVisualStudioVersion = 10.0.40219.1
Project("{9A19103F-16F7-4668-BE54-9A1E7A4F7556}") = "net6", "net6\net6.csproj", "{D3A8029E-C5F0-4E0C-B936-BA77AD3ED26F}"
EndProject
Project("{FAE04EC0-301F-11D3-BF4B-00C04F79EFBC}") = "netfx", "netfx\netfx\netfx.csproj", "{F5D4203B-F3DB-47EB-8171-14B3C990AC60}"
EndProject
Global
	GlobalSection(SolutionConfigurationPlatforms) = preSolution
		Debug|Any CPU = Debug|Any CPU
		Release|Any CPU = Release|Any CPU
	EndGlobalSection
	GlobalSection(ProjectConfigurationPlatforms) = postSolution
		{D3A8029E-C5F0-4E0C-B936-BA77AD3ED26F}.Debug|Any CPU.ActiveCfg = Debug|Any CPU
		{D3A8029E-C5F0-4E0C-B936-BA77AD3ED26F}.Debug|Any CPU.Build.0 = Debug|Any CPU
		{D3A8029E-C5F0-4E0C-B936-BA77AD3ED26F}.Release|Any CPU.ActiveCfg = Release|Any CPU
		{D3A8029E-C5F0-4E0C-B936-BA77AD3ED26F}.Release|Any CPU.Build.0 = Release|Any CPU
		{F5D4203B-F3DB-47EB-8171-14B3C990AC60}.Debug|Any CPU.ActiveCfg = Debug|Any CPU
		{F5D4203B-F3DB-47EB-8171-14B3C990AC60}.Debug|Any CPU.Build.0 = Debug|Any CPU
		{F5D4203B-F3DB-47EB-8171-14B3C990AC60}.Release|Any CPU.ActiveCfg = Release|Any CPU
		{F5D4203B-F3DB-47EB-8171-14B3C990AC60}.Release|Any CPU.Build.0 = Release|Any CPU
	EndGlobalSection
	GlobalSection(SolutionProperties) = preSolution
		HideSolutionNode = FALSE
	EndGlobalSection
	GlobalSection(ExtensibilityGlobals) = postSolution
		SolutionGuid = {A17ACB9F-AA10-414D-93F3-BE3950D2F46A}
	EndGlobalSection
EndGlobal
